// !$*UTF8*$!
{
	archiveVersion = 1;
	classes = {
	};
	objectVersion = 55;
	objects = {

/* Begin PBXBuildFile section */
		D1113A5727C71038001351B6 /* AppDelegate.swift in Sources */ = {isa = PBXBuildFile; fileRef = D1113A5627C71038001351B6 /* AppDelegate.swift */; };
		D1113A5927C71038001351B6 /* SceneDelegate.swift in Sources */ = {isa = PBXBuildFile; fileRef = D1113A5827C71038001351B6 /* SceneDelegate.swift */; };
		D1113A5E27C71038001351B6 /* Main.storyboard in Resources */ = {isa = PBXBuildFile; fileRef = D1113A5C27C71038001351B6 /* Main.storyboard */; };
		D1113A6027C71039001351B6 /* Assets.xcassets in Resources */ = {isa = PBXBuildFile; fileRef = D1113A5F27C71039001351B6 /* Assets.xcassets */; };
		D1113A6327C71039001351B6 /* LaunchScreen.storyboard in Resources */ = {isa = PBXBuildFile; fileRef = D1113A6127C71039001351B6 /* LaunchScreen.storyboard */; };
		D1113A6B27C711AF001351B6 /* HomeViewController.swift in Sources */ = {isa = PBXBuildFile; fileRef = D1113A6A27C711AF001351B6 /* HomeViewController.swift */; };
		D1113A6D27C7122D001351B6 /* TrackCollectionViewCell.swift in Sources */ = {isa = PBXBuildFile; fileRef = D1113A6C27C7122D001351B6 /* TrackCollectionViewCell.swift */; };
		D1113A6F27C71266001351B6 /* ExtensionAVPlayerItem.swift in Sources */ = {isa = PBXBuildFile; fileRef = D1113A6E27C71266001351B6 /* ExtensionAVPlayerItem.swift */; };
		D1113A7127C71289001351B6 /* TrackManager.swift in Sources */ = {isa = PBXBuildFile; fileRef = D1113A7027C71289001351B6 /* TrackManager.swift */; };
		D1113A7327C712A5001351B6 /* Track.swift in Sources */ = {isa = PBXBuildFile; fileRef = D1113A7227C712A5001351B6 /* Track.swift */; };
		D1113A7527C712BC001351B6 /* DefaultStyle.swift in Sources */ = {isa = PBXBuildFile; fileRef = D1113A7427C712BC001351B6 /* DefaultStyle.swift */; };
		D1A5D94227C71FB3002880A1 /* memories (listen on spotify from 3am ep).mp3 in Resources */ = {isa = PBXBuildFile; fileRef = D1A5D92C27C71FB3002880A1 /* memories (listen on spotify from 3am ep).mp3 */; };
		D1A5D94327C71FB3002880A1 /* im trying to find myself.mp3 in Resources */ = {isa = PBXBuildFile; fileRef = D1A5D92D27C71FB3002880A1 /* im trying to find myself.mp3 */; };
		D1A5D94427C71FB3002880A1 /* when the leaves start falling.mp3 in Resources */ = {isa = PBXBuildFile; fileRef = D1A5D92E27C71FB3002880A1 /* when the leaves start falling.mp3 */; };
		D1A5D94527C71FB3002880A1 /* distant moon (spotify apple etc).mp3 in Resources */ = {isa = PBXBuildFile; fileRef = D1A5D92F27C71FB3002880A1 /* distant moon (spotify apple etc).mp3 */; };
		D1A5D94627C71FB3002880A1 /* aruarian dance [lounge version].mp3 in Resources */ = {isa = PBXBuildFile; fileRef = D1A5D93027C71FB3002880A1 /* aruarian dance [lounge version].mp3 */; };
		D1A5D94727C71FB3002880A1 /* Bike Rides On The Block.mp3 in Resources */ = {isa = PBXBuildFile; fileRef = D1A5D93127C71FB3002880A1 /* Bike Rides On The Block.mp3 */; };
		D1A5D94827C71FB3002880A1 /* Letting Go.mp3 in Resources */ = {isa = PBXBuildFile; fileRef = D1A5D93227C71FB3002880A1 /* Letting Go.mp3 */; };
		D1A5D94927C71FB3002880A1 /* valentin.mp3 in Resources */ = {isa = PBXBuildFile; fileRef = D1A5D93327C71FB3002880A1 /* valentin.mp3 */; };
		D1A5D94A27C71FB3002880A1 /* elijah who - hello.mp3 in Resources */ = {isa = PBXBuildFile; fileRef = D1A5D93427C71FB3002880A1 /* elijah who - hello.mp3 */; };
		D1A5D94B27C71FB3002880A1 /* Moonlight!.mp3 in Resources */ = {isa = PBXBuildFile; fileRef = D1A5D93527C71FB3002880A1 /* Moonlight!.mp3 */; };
		D1A5D94C27C71FB3002880A1 /* Getsomerest.mp3 in Resources */ = {isa = PBXBuildFile; fileRef = D1A5D93627C71FB3002880A1 /* Getsomerest.mp3 */; };
		D1A5D94D27C71FB3002880A1 /* night calls.mp3 in Resources */ = {isa = PBXBuildFile; fileRef = D1A5D93727C71FB3002880A1 /* night calls.mp3 */; };
		D1A5D94E27C71FB3002880A1 /* Ocean ride __ 海の乗り.mp3 in Resources */ = {isa = PBXBuildFile; fileRef = D1A5D93827C71FB3002880A1 /* Ocean ride __ 海の乗り.mp3 */; };
		D1A5D94F27C71FB3002880A1 /* Missing U In The Raining Day.mp3 in Resources */ = {isa = PBXBuildFile; fileRef = D1A5D93927C71FB3002880A1 /* Missing U In The Raining Day.mp3 */; };
		D1A5D95027C71FB3002880A1 /* Glow.mp3 in Resources */ = {isa = PBXBuildFile; fileRef = D1A5D93A27C71FB3002880A1 /* Glow.mp3 */; };
		D1A5D95127C71FB3002880A1 /* Chamomile Tea.mp3 in Resources */ = {isa = PBXBuildFile; fileRef = D1A5D93B27C71FB3002880A1 /* Chamomile Tea.mp3 */; };
		D1A5D95227C71FB3002880A1 /* [ asleep ].mp3 in Resources */ = {isa = PBXBuildFile; fileRef = D1A5D93C27C71FB3002880A1 /* [ asleep ].mp3 */; };
		D1A5D95327C71FB3002880A1 /* Sampled in your own sweet way.mp3 in Resources */ = {isa = PBXBuildFile; fileRef = D1A5D93D27C71FB3002880A1 /* Sampled in your own sweet way.mp3 */; };
		D1A5D95427C71FB3002880A1 /* always you.mp3 in Resources */ = {isa = PBXBuildFile; fileRef = D1A5D93E27C71FB3002880A1 /* always you.mp3 */; };
		D1A5D95527C71FB3002880A1 /* i fell in love with you one night in september..mp3 in Resources */ = {isa = PBXBuildFile; fileRef = D1A5D93F27C71FB3002880A1 /* i fell in love with you one night in september..mp3 */; };
		D1A5D95627C71FB3002880A1 /* tranquility.mp3 in Resources */ = {isa = PBXBuildFile; fileRef = D1A5D94027C71FB3002880A1 /* tranquility.mp3 */; };
		D1A5D95727C71FB3002880A1 /* Sleepless.mp3 in Resources */ = {isa = PBXBuildFile; fileRef = D1A5D94127C71FB3002880A1 /* Sleepless.mp3 */; };
/* End PBXBuildFile section */

/* Begin PBXFileReference section */
		D1113A5327C71038001351B6 /* AppleMusicStApp.app */ = {isa = PBXFileReference; explicitFileType = wrapper.application; includeInIndex = 0; path = AppleMusicStApp.app; sourceTree = BUILT_PRODUCTS_DIR; };
		D1113A5627C71038001351B6 /* AppDelegate.swift */ = {isa = PBXFileReference; lastKnownFileType = sourcecode.swift; path = AppDelegate.swift; sourceTree = "<group>"; };
		D1113A5827C71038001351B6 /* SceneDelegate.swift */ = {isa = PBXFileReference; lastKnownFileType = sourcecode.swift; path = SceneDelegate.swift; sourceTree = "<group>"; };
		D1113A5D27C71038001351B6 /* Base */ = {isa = PBXFileReference; lastKnownFileType = file.storyboard; name = Base; path = Base.lproj/Main.storyboard; sourceTree = "<group>"; };
		D1113A5F27C71039001351B6 /* Assets.xcassets */ = {isa = PBXFileReference; lastKnownFileType = folder.assetcatalog; path = Assets.xcassets; sourceTree = "<group>"; };
		D1113A6227C71039001351B6 /* Base */ = {isa = PBXFileReference; lastKnownFileType = file.storyboard; name = Base; path = Base.lproj/LaunchScreen.storyboard; sourceTree = "<group>"; };
		D1113A6427C71039001351B6 /* Info.plist */ = {isa = PBXFileReference; lastKnownFileType = text.plist.xml; path = Info.plist; sourceTree = "<group>"; };
		D1113A6A27C711AF001351B6 /* HomeViewController.swift */ = {isa = PBXFileReference; lastKnownFileType = sourcecode.swift; path = HomeViewController.swift; sourceTree = "<group>"; };
		D1113A6C27C7122D001351B6 /* TrackCollectionViewCell.swift */ = {isa = PBXFileReference; lastKnownFileType = sourcecode.swift; path = TrackCollectionViewCell.swift; sourceTree = "<group>"; };
		D1113A6E27C71266001351B6 /* ExtensionAVPlayerItem.swift */ = {isa = PBXFileReference; lastKnownFileType = sourcecode.swift; path = ExtensionAVPlayerItem.swift; sourceTree = "<group>"; };
		D1113A7027C71289001351B6 /* TrackManager.swift */ = {isa = PBXFileReference; lastKnownFileType = sourcecode.swift; path = TrackManager.swift; sourceTree = "<group>"; };
		D1113A7227C712A5001351B6 /* Track.swift */ = {isa = PBXFileReference; lastKnownFileType = sourcecode.swift; path = Track.swift; sourceTree = "<group>"; };
		D1113A7427C712BC001351B6 /* DefaultStyle.swift */ = {isa = PBXFileReference; lastKnownFileType = sourcecode.swift; path = DefaultStyle.swift; sourceTree = "<group>"; };
		D1A5D92C27C71FB3002880A1 /* memories (listen on spotify from 3am ep).mp3 */ = {isa = PBXFileReference; lastKnownFileType = audio.mp3; path = "memories (listen on spotify from 3am ep).mp3"; sourceTree = "<group>"; };
		D1A5D92D27C71FB3002880A1 /* im trying to find myself.mp3 */ = {isa = PBXFileReference; lastKnownFileType = audio.mp3; path = "im trying to find myself.mp3"; sourceTree = "<group>"; };
		D1A5D92E27C71FB3002880A1 /* when the leaves start falling.mp3 */ = {isa = PBXFileReference; lastKnownFileType = audio.mp3; path = "when the leaves start falling.mp3"; sourceTree = "<group>"; };
		D1A5D92F27C71FB3002880A1 /* distant moon (spotify apple etc).mp3 */ = {isa = PBXFileReference; lastKnownFileType = audio.mp3; path = "distant moon (spotify apple etc).mp3"; sourceTree = "<group>"; };
		D1A5D93027C71FB3002880A1 /* aruarian dance [lounge version].mp3 */ = {isa = PBXFileReference; lastKnownFileType = audio.mp3; path = "aruarian dance [lounge version].mp3"; sourceTree = "<group>"; };
		D1A5D93127C71FB3002880A1 /* Bike Rides On The Block.mp3 */ = {isa = PBXFileReference; lastKnownFileType = audio.mp3; path = "Bike Rides On The Block.mp3"; sourceTree = "<group>"; };
		D1A5D93227C71FB3002880A1 /* Letting Go.mp3 */ = {isa = PBXFileReference; lastKnownFileType = audio.mp3; path = "Letting Go.mp3"; sourceTree = "<group>"; };
		D1A5D93327C71FB3002880A1 /* valentin.mp3 */ = {isa = PBXFileReference; lastKnownFileType = audio.mp3; path = valentin.mp3; sourceTree = "<group>"; };
		D1A5D93427C71FB3002880A1 /* elijah who - hello.mp3 */ = {isa = PBXFileReference; lastKnownFileType = audio.mp3; path = "elijah who - hello.mp3"; sourceTree = "<group>"; };
		D1A5D93527C71FB3002880A1 /* Moonlight!.mp3 */ = {isa = PBXFileReference; lastKnownFileType = audio.mp3; path = "Moonlight!.mp3"; sourceTree = "<group>"; };
		D1A5D93627C71FB3002880A1 /* Getsomerest.mp3 */ = {isa = PBXFileReference; lastKnownFileType = audio.mp3; path = Getsomerest.mp3; sourceTree = "<group>"; };
		D1A5D93727C71FB3002880A1 /* night calls.mp3 */ = {isa = PBXFileReference; lastKnownFileType = audio.mp3; path = "night calls.mp3"; sourceTree = "<group>"; };
		D1A5D93827C71FB3002880A1 /* Ocean ride __ 海の乗り.mp3 */ = {isa = PBXFileReference; lastKnownFileType = audio.mp3; path = "Ocean ride __ 海の乗り.mp3"; sourceTree = "<group>"; };
		D1A5D93927C71FB3002880A1 /* Missing U In The Raining Day.mp3 */ = {isa = PBXFileReference; lastKnownFileType = audio.mp3; path = "Missing U In The Raining Day.mp3"; sourceTree = "<group>"; };
		D1A5D93A27C71FB3002880A1 /* Glow.mp3 */ = {isa = PBXFileReference; lastKnownFileType = audio.mp3; path = Glow.mp3; sourceTree = "<group>"; };
		D1A5D93B27C71FB3002880A1 /* Chamomile Tea.mp3 */ = {isa = PBXFileReference; lastKnownFileType = audio.mp3; path = "Chamomile Tea.mp3"; sourceTree = "<group>"; };
		D1A5D93C27C71FB3002880A1 /* [ asleep ].mp3 */ = {isa = PBXFileReference; lastKnownFileType = audio.mp3; path = "[ asleep ].mp3"; sourceTree = "<group>"; };
		D1A5D93D27C71FB3002880A1 /* Sampled in your own sweet way.mp3 */ = {isa = PBXFileReference; lastKnownFileType = audio.mp3; path = "Sampled in your own sweet way.mp3"; sourceTree = "<group>"; };
		D1A5D93E27C71FB3002880A1 /* always you.mp3 */ = {isa = PBXFileReference; lastKnownFileType = audio.mp3; path = "always you.mp3"; sourceTree = "<group>"; };
		D1A5D93F27C71FB3002880A1 /* i fell in love with you one night in september..mp3 */ = {isa = PBXFileReference; lastKnownFileType = audio.mp3; path = "i fell in love with you one night in september..mp3"; sourceTree = "<group>"; };
		D1A5D94027C71FB3002880A1 /* tranquility.mp3 */ = {isa = PBXFileReference; lastKnownFileType = audio.mp3; path = tranquility.mp3; sourceTree = "<group>"; };
		D1A5D94127C71FB3002880A1 /* Sleepless.mp3 */ = {isa = PBXFileReference; lastKnownFileType = audio.mp3; path = Sleepless.mp3; sourceTree = "<group>"; };
/* End PBXFileReference section */

/* Begin PBXFrameworksBuildPhase section */
		D1113A5027C71038001351B6 /* Frameworks */ = {
			isa = PBXFrameworksBuildPhase;
			buildActionMask = 2147483647;
			files = (
			);
			runOnlyForDeploymentPostprocessing = 0;
		};
/* End PBXFrameworksBuildPhase section */

/* Begin PBXGroup section */
		D1113A4A27C71038001351B6 = {
			isa = PBXGroup;
			children = (
				D1113A5527C71038001351B6 /* AppleMusicStApp */,
				D1113A5427C71038001351B6 /* Products */,
			);
			sourceTree = "<group>";
		};
		D1113A5427C71038001351B6 /* Products */ = {
			isa = PBXGroup;
			children = (
				D1113A5327C71038001351B6 /* AppleMusicStApp.app */,
			);
			name = Products;
			sourceTree = "<group>";
		};
		D1113A5527C71038001351B6 /* AppleMusicStApp */ = {
			isa = PBXGroup;
			children = (
				D1113A5627C71038001351B6 /* AppDelegate.swift */,
				D1113A5827C71038001351B6 /* SceneDelegate.swift */,
				D1113A5C27C71038001351B6 /* Main.storyboard */,
				D1113A5F27C71039001351B6 /* Assets.xcassets */,
				D1113A6127C71039001351B6 /* LaunchScreen.storyboard */,
				D1113A7427C712BC001351B6 /* DefaultStyle.swift */,
				D1113A7227C712A5001351B6 /* Track.swift */,
				D1113A7027C71289001351B6 /* TrackManager.swift */,
				D1113A6E27C71266001351B6 /* ExtensionAVPlayerItem.swift */,
				D1113A6C27C7122D001351B6 /* TrackCollectionViewCell.swift */,
				D1113A6A27C711AF001351B6 /* HomeViewController.swift */,
				D1113A6427C71039001351B6 /* Info.plist */,
				D1A5D92B27C71FB3002880A1 /* Resources */,
			);
			path = AppleMusicStApp;
			sourceTree = "<group>";
		};
		D1A5D92B27C71FB3002880A1 /* Resources */ = {
			isa = PBXGroup;
			children = (
				D1A5D92C27C71FB3002880A1 /* memories (listen on spotify from 3am ep).mp3 */,
				D1A5D92D27C71FB3002880A1 /* im trying to find myself.mp3 */,
				D1A5D92E27C71FB3002880A1 /* when the leaves start falling.mp3 */,
				D1A5D92F27C71FB3002880A1 /* distant moon (spotify apple etc).mp3 */,
				D1A5D93027C71FB3002880A1 /* aruarian dance [lounge version].mp3 */,
				D1A5D93127C71FB3002880A1 /* Bike Rides On The Block.mp3 */,
				D1A5D93227C71FB3002880A1 /* Letting Go.mp3 */,
				D1A5D93327C71FB3002880A1 /* valentin.mp3 */,
				D1A5D93427C71FB3002880A1 /* elijah who - hello.mp3 */,
				D1A5D93527C71FB3002880A1 /* Moonlight!.mp3 */,
				D1A5D93627C71FB3002880A1 /* Getsomerest.mp3 */,
				D1A5D93727C71FB3002880A1 /* night calls.mp3 */,
				D1A5D93827C71FB3002880A1 /* Ocean ride __ 海の乗り.mp3 */,
				D1A5D93927C71FB3002880A1 /* Missing U In The Raining Day.mp3 */,
				D1A5D93A27C71FB3002880A1 /* Glow.mp3 */,
				D1A5D93B27C71FB3002880A1 /* Chamomile Tea.mp3 */,
				D1A5D93C27C71FB3002880A1 /* [ asleep ].mp3 */,
				D1A5D93D27C71FB3002880A1 /* Sampled in your own sweet way.mp3 */,
				D1A5D93E27C71FB3002880A1 /* always you.mp3 */,
				D1A5D93F27C71FB3002880A1 /* i fell in love with you one night in september..mp3 */,
				D1A5D94027C71FB3002880A1 /* tranquility.mp3 */,
				D1A5D94127C71FB3002880A1 /* Sleepless.mp3 */,
			);
			path = Resources;
			sourceTree = "<group>";
		};
/* End PBXGroup section */

/* Begin PBXNativeTarget section */
		D1113A5227C71038001351B6 /* AppleMusicStApp */ = {
			isa = PBXNativeTarget;
			buildConfigurationList = D1113A6727C71039001351B6 /* Build configuration list for PBXNativeTarget "AppleMusicStApp" */;
			buildPhases = (
				D1113A4F27C71038001351B6 /* Sources */,
				D1113A5027C71038001351B6 /* Frameworks */,
				D1113A5127C71038001351B6 /* Resources */,
			);
			buildRules = (
			);
			dependencies = (
			);
			name = AppleMusicStApp;
			productName = AppleMusicStApp;
			productReference = D1113A5327C71038001351B6 /* AppleMusicStApp.app */;
			productType = "com.apple.product-type.application";
		};
/* End PBXNativeTarget section */

/* Begin PBXProject section */
		D1113A4B27C71038001351B6 /* Project object */ = {
			isa = PBXProject;
			attributes = {
				BuildIndependentTargetsInParallel = 1;
				LastSwiftUpdateCheck = 1320;
				LastUpgradeCheck = 1320;
				TargetAttributes = {
					D1113A5227C71038001351B6 = {
						CreatedOnToolsVersion = 13.2.1;
					};
				};
			};
			buildConfigurationList = D1113A4E27C71038001351B6 /* Build configuration list for PBXProject "AppleMusicStApp" */;
			compatibilityVersion = "Xcode 13.0";
			developmentRegion = en;
			hasScannedForEncodings = 0;
			knownRegions = (
				en,
				Base,
			);
			mainGroup = D1113A4A27C71038001351B6;
			productRefGroup = D1113A5427C71038001351B6 /* Products */;
			projectDirPath = "";
			projectRoot = "";
			targets = (
				D1113A5227C71038001351B6 /* AppleMusicStApp */,
			);
		};
/* End PBXProject section */

/* Begin PBXResourcesBuildPhase section */
		D1113A5127C71038001351B6 /* Resources */ = {
			isa = PBXResourcesBuildPhase;
			buildActionMask = 2147483647;
			files = (
				D1A5D95127C71FB3002880A1 /* Chamomile Tea.mp3 in Resources */,
				D1A5D94727C71FB3002880A1 /* Bike Rides On The Block.mp3 in Resources */,
				D1A5D95227C71FB3002880A1 /* [ asleep ].mp3 in Resources */,
				D1A5D94827C71FB3002880A1 /* Letting Go.mp3 in Resources */,
				D1A5D94E27C71FB3002880A1 /* Ocean ride __ 海の乗り.mp3 in Resources */,
				D1A5D94327C71FB3002880A1 /* im trying to find myself.mp3 in Resources */,
				D1A5D94427C71FB3002880A1 /* when the leaves start falling.mp3 in Resources */,
				D1A5D94A27C71FB3002880A1 /* elijah who - hello.mp3 in Resources */,
				D1A5D94527C71FB3002880A1 /* distant moon (spotify apple etc).mp3 in Resources */,
				D1A5D95527C71FB3002880A1 /* i fell in love with you one night in september..mp3 in Resources */,
				D1A5D94227C71FB3002880A1 /* memories (listen on spotify from 3am ep).mp3 in Resources */,
				D1A5D95627C71FB3002880A1 /* tranquility.mp3 in Resources */,
				D1A5D94C27C71FB3002880A1 /* Getsomerest.mp3 in Resources */,
				D1A5D95027C71FB3002880A1 /* Glow.mp3 in Resources */,
				D1A5D94F27C71FB3002880A1 /* Missing U In The Raining Day.mp3 in Resources */,
				D1A5D94D27C71FB3002880A1 /* night calls.mp3 in Resources */,
				D1A5D95327C71FB3002880A1 /* Sampled in your own sweet way.mp3 in Resources */,
				D1113A6327C71039001351B6 /* LaunchScreen.storyboard in Resources */,
				D1113A6027C71039001351B6 /* Assets.xcassets in Resources */,
				D1113A5E27C71038001351B6 /* Main.storyboard in Resources */,
				D1A5D94B27C71FB3002880A1 /* Moonlight!.mp3 in Resources */,
				D1A5D94627C71FB3002880A1 /* aruarian dance [lounge version].mp3 in Resources */,
				D1A5D95427C71FB3002880A1 /* always you.mp3 in Resources */,
				D1A5D94927C71FB3002880A1 /* valentin.mp3 in Resources */,
				D1A5D95727C71FB3002880A1 /* Sleepless.mp3 in Resources */,
			);
			runOnlyForDeploymentPostprocessing = 0;
		};
/* End PBXResourcesBuildPhase section */

/* Begin PBXSourcesBuildPhase section */
		D1113A4F27C71038001351B6 /* Sources */ = {
			isa = PBXSourcesBuildPhase;
			buildActionMask = 2147483647;
			files = (
				D1113A6D27C7122D001351B6 /* TrackCollectionViewCell.swift in Sources */,
				D1113A7127C71289001351B6 /* TrackManager.swift in Sources */,
				D1113A5727C71038001351B6 /* AppDelegate.swift in Sources */,
				D1113A5927C71038001351B6 /* SceneDelegate.swift in Sources */,
				D1113A6F27C71266001351B6 /* ExtensionAVPlayerItem.swift in Sources */,
				D1113A6B27C711AF001351B6 /* HomeViewController.swift in Sources */,
				D1113A7327C712A5001351B6 /* Track.swift in Sources */,
				D1113A7527C712BC001351B6 /* DefaultStyle.swift in Sources */,
			);
			runOnlyForDeploymentPostprocessing = 0;
		};
/* End PBXSourcesBuildPhase section */

/* Begin PBXVariantGroup section */
		D1113A5C27C71038001351B6 /* Main.storyboard */ = {
			isa = PBXVariantGroup;
			children = (
				D1113A5D27C71038001351B6 /* Base */,
			);
			name = Main.storyboard;
			sourceTree = "<group>";
		};
		D1113A6127C71039001351B6 /* LaunchScreen.storyboard */ = {
			isa = PBXVariantGroup;
			children = (
				D1113A6227C71039001351B6 /* Base */,
			);
			name = LaunchScreen.storyboard;
			sourceTree = "<group>";
		};
/* End PBXVariantGroup section */

/* Begin XCBuildConfiguration section */
		D1113A6527C71039001351B6 /* Debug */ = {
			isa = XCBuildConfiguration;
			buildSettings = {
				ALWAYS_SEARCH_USER_PATHS = NO;
				CLANG_ANALYZER_NONNULL = YES;
				CLANG_ANALYZER_NUMBER_OBJECT_CONVERSION = YES_AGGRESSIVE;
				CLANG_CXX_LANGUAGE_STANDARD = "gnu++17";
				CLANG_CXX_LIBRARY = "libc++";
				CLANG_ENABLE_MODULES = YES;
				CLANG_ENABLE_OBJC_ARC = YES;
				CLANG_ENABLE_OBJC_WEAK = YES;
				CLANG_WARN_BLOCK_CAPTURE_AUTORELEASING = YES;
				CLANG_WARN_BOOL_CONVERSION = YES;
				CLANG_WARN_COMMA = YES;
				CLANG_WARN_CONSTANT_CONVERSION = YES;
				CLANG_WARN_DEPRECATED_OBJC_IMPLEMENTATIONS = YES;
				CLANG_WARN_DIRECT_OBJC_ISA_USAGE = YES_ERROR;
				CLANG_WARN_DOCUMENTATION_COMMENTS = YES;
				CLANG_WARN_EMPTY_BODY = YES;
				CLANG_WARN_ENUM_CONVERSION = YES;
				CLANG_WARN_INFINITE_RECURSION = YES;
				CLANG_WARN_INT_CONVERSION = YES;
				CLANG_WARN_NON_LITERAL_NULL_CONVERSION = YES;
				CLANG_WARN_OBJC_IMPLICIT_RETAIN_SELF = YES;
				CLANG_WARN_OBJC_LITERAL_CONVERSION = YES;
				CLANG_WARN_OBJC_ROOT_CLASS = YES_ERROR;
				CLANG_WARN_QUOTED_INCLUDE_IN_FRAMEWORK_HEADER = YES;
				CLANG_WARN_RANGE_LOOP_ANALYSIS = YES;
				CLANG_WARN_STRICT_PROTOTYPES = YES;
				CLANG_WARN_SUSPICIOUS_MOVE = YES;
				CLANG_WARN_UNGUARDED_AVAILABILITY = YES_AGGRESSIVE;
				CLANG_WARN_UNREACHABLE_CODE = YES;
				CLANG_WARN__DUPLICATE_METHOD_MATCH = YES;
				COPY_PHASE_STRIP = NO;
				DEBUG_INFORMATION_FORMAT = dwarf;
				ENABLE_STRICT_OBJC_MSGSEND = YES;
				ENABLE_TESTABILITY = YES;
				GCC_C_LANGUAGE_STANDARD = gnu11;
				GCC_DYNAMIC_NO_PIC = NO;
				GCC_NO_COMMON_BLOCKS = YES;
				GCC_OPTIMIZATION_LEVEL = 0;
				GCC_PREPROCESSOR_DEFINITIONS = (
					"DEBUG=1",
					"$(inherited)",
				);
				GCC_WARN_64_TO_32_BIT_CONVERSION = YES;
				GCC_WARN_ABOUT_RETURN_TYPE = YES_ERROR;
				GCC_WARN_UNDECLARED_SELECTOR = YES;
				GCC_WARN_UNINITIALIZED_AUTOS = YES_AGGRESSIVE;
				GCC_WARN_UNUSED_FUNCTION = YES;
				GCC_WARN_UNUSED_VARIABLE = YES;
				IPHONEOS_DEPLOYMENT_TARGET = 15.2;
				MTL_ENABLE_DEBUG_INFO = INCLUDE_SOURCE;
				MTL_FAST_MATH = YES;
				ONLY_ACTIVE_ARCH = YES;
				SDKROOT = iphoneos;
				SWIFT_ACTIVE_COMPILATION_CONDITIONS = DEBUG;
				SWIFT_OPTIMIZATION_LEVEL = "-Onone";
			};
			name = Debug;
		};
		D1113A6627C71039001351B6 /* Release */ = {
			isa = XCBuildConfiguration;
			buildSettings = {
				ALWAYS_SEARCH_USER_PATHS = NO;
				CLANG_ANALYZER_NONNULL = YES;
				CLANG_ANALYZER_NUMBER_OBJECT_CONVERSION = YES_AGGRESSIVE;
				CLANG_CXX_LANGUAGE_STANDARD = "gnu++17";
				CLANG_CXX_LIBRARY = "libc++";
				CLANG_ENABLE_MODULES = YES;
				CLANG_ENABLE_OBJC_ARC = YES;
				CLANG_ENABLE_OBJC_WEAK = YES;
				CLANG_WARN_BLOCK_CAPTURE_AUTORELEASING = YES;
				CLANG_WARN_BOOL_CONVERSION = YES;
				CLANG_WARN_COMMA = YES;
				CLANG_WARN_CONSTANT_CONVERSION = YES;
				CLANG_WARN_DEPRECATED_OBJC_IMPLEMENTATIONS = YES;
				CLANG_WARN_DIRECT_OBJC_ISA_USAGE = YES_ERROR;
				CLANG_WARN_DOCUMENTATION_COMMENTS = YES;
				CLANG_WARN_EMPTY_BODY = YES;
				CLANG_WARN_ENUM_CONVERSION = YES;
				CLANG_WARN_INFINITE_RECURSION = YES;
				CLANG_WARN_INT_CONVERSION = YES;
				CLANG_WARN_NON_LITERAL_NULL_CONVERSION = YES;
				CLANG_WARN_OBJC_IMPLICIT_RETAIN_SELF = YES;
				CLANG_WARN_OBJC_LITERAL_CONVERSION = YES;
				CLANG_WARN_OBJC_ROOT_CLASS = YES_ERROR;
				CLANG_WARN_QUOTED_INCLUDE_IN_FRAMEWORK_HEADER = YES;
				CLANG_WARN_RANGE_LOOP_ANALYSIS = YES;
				CLANG_WARN_STRICT_PROTOTYPES = YES;
				CLANG_WARN_SUSPICIOUS_MOVE = YES;
				CLANG_WARN_UNGUARDED_AVAILABILITY = YES_AGGRESSIVE;
				CLANG_WARN_UNREACHABLE_CODE = YES;
				CLANG_WARN__DUPLICATE_METHOD_MATCH = YES;
				COPY_PHASE_STRIP = NO;
				DEBUG_INFORMATION_FORMAT = "dwarf-with-dsym";
				ENABLE_NS_ASSERTIONS = NO;
				ENABLE_STRICT_OBJC_MSGSEND = YES;
				GCC_C_LANGUAGE_STANDARD = gnu11;
				GCC_NO_COMMON_BLOCKS = YES;
				GCC_WARN_64_TO_32_BIT_CONVERSION = YES;
				GCC_WARN_ABOUT_RETURN_TYPE = YES_ERROR;
				GCC_WARN_UNDECLARED_SELECTOR = YES;
				GCC_WARN_UNINITIALIZED_AUTOS = YES_AGGRESSIVE;
				GCC_WARN_UNUSED_FUNCTION = YES;
				GCC_WARN_UNUSED_VARIABLE = YES;
				IPHONEOS_DEPLOYMENT_TARGET = 15.2;
				MTL_ENABLE_DEBUG_INFO = NO;
				MTL_FAST_MATH = YES;
				SDKROOT = iphoneos;
				SWIFT_COMPILATION_MODE = wholemodule;
				SWIFT_OPTIMIZATION_LEVEL = "-O";
				VALIDATE_PRODUCT = YES;
			};
			name = Release;
		};
		D1113A6827C71039001351B6 /* Debug */ = {
			isa = XCBuildConfiguration;
			buildSettings = {
				ASSETCATALOG_COMPILER_APPICON_NAME = AppIcon;
				ASSETCATALOG_COMPILER_GLOBAL_ACCENT_COLOR_NAME = AccentColor;
				CODE_SIGN_STYLE = Automatic;
				CURRENT_PROJECT_VERSION = 1;
				DEVELOPMENT_TEAM = TXFPK3WSCH;
				GENERATE_INFOPLIST_FILE = YES;
				INFOPLIST_FILE = AppleMusicStApp/Info.plist;
				INFOPLIST_KEY_UIApplicationSupportsIndirectInputEvents = YES;
				INFOPLIST_KEY_UILaunchStoryboardName = LaunchScreen;
				INFOPLIST_KEY_UIMainStoryboardFile = Main;
				INFOPLIST_KEY_UISupportedInterfaceOrientations_iPad = "UIInterfaceOrientationPortrait UIInterfaceOrientationPortraitUpsideDown UIInterfaceOrientationLandscapeLeft UIInterfaceOrientationLandscapeRight";
				INFOPLIST_KEY_UISupportedInterfaceOrientations_iPhone = "UIInterfaceOrientationPortrait UIInterfaceOrientationLandscapeLeft UIInterfaceOrientationLandscapeRight";
				LD_RUNPATH_SEARCH_PATHS = (
					"$(inherited)",
					"@executable_path/Frameworks",
				);
				MARKETING_VERSION = 1.0;
				PRODUCT_BUNDLE_IDENTIFIER = SeanCho.AppleMusicStApp;
				PRODUCT_NAME = "$(TARGET_NAME)";
				SWIFT_EMIT_LOC_STRINGS = YES;
				SWIFT_VERSION = 5.0;
				TARGETED_DEVICE_FAMILY = "1,2";
			};
			name = Debug;
		};
		D1113A6927C71039001351B6 /* Release */ = {
			isa = XCBuildConfiguration;
			buildSettings = {
				ASSETCATALOG_COMPILER_APPICON_NAME = AppIcon;
				ASSETCATALOG_COMPILER_GLOBAL_ACCENT_COLOR_NAME = AccentColor;
				CODE_SIGN_STYLE = Automatic;
				CURRENT_PROJECT_VERSION = 1;
				DEVELOPMENT_TEAM = TXFPK3WSCH;
				GENERATE_INFOPLIST_FILE = YES;
				INFOPLIST_FILE = AppleMusicStApp/Info.plist;
				INFOPLIST_KEY_UIApplicationSupportsIndirectInputEvents = YES;
				INFOPLIST_KEY_UILaunchStoryboardName = LaunchScreen;
				INFOPLIST_KEY_UIMainStoryboardFile = Main;
				INFOPLIST_KEY_UISupportedInterfaceOrientations_iPad = "UIInterfaceOrientationPortrait UIInterfaceOrientationPortraitUpsideDown UIInterfaceOrientationLandscapeLeft UIInterfaceOrientationLandscapeRight";
				INFOPLIST_KEY_UISupportedInterfaceOrientations_iPhone = "UIInterfaceOrientationPortrait UIInterfaceOrientationLandscapeLeft UIInterfaceOrientationLandscapeRight";
				LD_RUNPATH_SEARCH_PATHS = (
					"$(inherited)",
					"@executable_path/Frameworks",
				);
				MARKETING_VERSION = 1.0;
				PRODUCT_BUNDLE_IDENTIFIER = SeanCho.AppleMusicStApp;
				PRODUCT_NAME = "$(TARGET_NAME)";
				SWIFT_EMIT_LOC_STRINGS = YES;
				SWIFT_VERSION = 5.0;
				TARGETED_DEVICE_FAMILY = "1,2";
			};
			name = Release;
		};
/* End XCBuildConfiguration section */

/* Begin XCConfigurationList section */
		D1113A4E27C71038001351B6 /* Build configuration list for PBXProject "AppleMusicStApp" */ = {
			isa = XCConfigurationList;
			buildConfigurations = (
				D1113A6527C71039001351B6 /* Debug */,
				D1113A6627C71039001351B6 /* Release */,
			);
			defaultConfigurationIsVisible = 0;
			defaultConfigurationName = Release;
		};
		D1113A6727C71039001351B6 /* Build configuration list for PBXNativeTarget "AppleMusicStApp" */ = {
			isa = XCConfigurationList;
			buildConfigurations = (
				D1113A6827C71039001351B6 /* Debug */,
				D1113A6927C71039001351B6 /* Release */,
			);
			defaultConfigurationIsVisible = 0;
			defaultConfigurationName = Release;
		};
/* End XCConfigurationList section */
	};
	rootObject = D1113A4B27C71038001351B6 /* Project object */;
}
